{
  "name": "anti-red",
  "version": "1.0.0",
  "lockfileVersion": 3,
  "requires": true,
  "packages": {
    "": {
      "name": "anti-red",
      "version": "1.0.0",
      "license": "ISC",
      "dependencies": {
        "@vue/compiler-sfc": "^3.5.14",
        "crypto-js": "^4.2.0"
      }
    },
    "node_modules/@babel/helper-string-parser": {
      "version": "7.27.1",
      "resolved": "https://registry.npmmirror.com/@babel/helper-string-parser/-/helper-string-parser-7.27.1.tgz",
      "integrity": "sha512-qMlSxKbpRlAridDExk92nSobyDdpPijUq2DW6oDnUqd0iOGxmQjyqhMIihI9+zv4LPyZdRje2cavWPbCbWm3eA==",
      "engines": {
        "node": ">=6.9.0"
      }
    },
    "node_modules/@babel/helper-validator-identifier": {
      "version": "7.27.1",
      "resolved": "https://registry.npmmirror.com/@babel/helper-validator-identifier/-/helper-validator-identifier-7.27.1.tgz",
      "integrity": "sha512-D2hP9eA+Sqx1kBZgzxZh0y1trbuU+JoDkiEwqhQ36nodYqJwyEIhPSdMNd7lOm/4io72luTPWH20Yda0xOuUow==",
      "engines": {
        "node": ">=6.9.0"
      }
    },
    "node_modules/@babel/parser": {
      "version": "7.27.2",
      "resolved": "https://registry.npmmirror.com/@babel/parser/-/parser-7.27.2.tgz",
      "integrity": "sha512-QYLs8299NA7WM/bZAdp+CviYYkVoYXlDW2rzliy3chxd1PQjej7JORuMJDJXJUb9g0TT+B99EwaVLKmX+sPXWw==",
      "dependencies": {
        "@babel/types": "^7.27.1"
      },
      "bin": {
        "parser": "bin/babel-parser.js"
      },
      "engines": {
        "node": ">=6.0.0"
      }
    },
    "node_modules/@babel/types": {
      "version": "7.27.1",
      "resolved": "https://registry.npmmirror.com/@babel/types/-/types-7.27.1.tgz",
      "integrity": "sha512-+EzkxvLNfiUeKMgy/3luqfsCWFRXLb7U6wNQTk60tovuckwB15B191tJWvpp4HjiQWdJkCxO3Wbvc6jlk3Xb2Q==",
      "dependencies": {
        "@babel/helper-string-parser": "^7.27.1",
        "@babel/helper-validator-identifier": "^7.27.1"
      },
      "engines": {
        "node": ">=6.9.0"
      }
    },
    "node_modules/@jridgewell/sourcemap-codec": {
      "version": "1.5.0",
      "resolved": "https://registry.npmmirror.com/@jridgewell/sourcemap-codec/-/sourcemap-codec-1.5.0.tgz",
      "integrity": "sha512-gv3ZRaISU3fjPAgNsriBRqGWQL6quFx04YMPW/zD8XMLsU32mhCCbfbO6KZFLjvYpCZ8zyDEgqsgf+PwPaM7GQ=="
    },
    "node_modules/@vue/compiler-core": {
      "version": "3.5.14",
      "resolved": "https://registry.npmmirror.com/@vue/compiler-core/-/compiler-core-3.5.14.tgz",
      "integrity": "sha512-k7qMHMbKvoCXIxPhquKQVw3Twid3Kg4s7+oYURxLGRd56LiuHJVrvFKI4fm2AM3c8apqODPfVJGoh8nePbXMRA==",
      "dependencies": {
        "@babel/parser": "^7.27.2",
        "@vue/shared": "3.5.14",
        "entities": "^4.5.0",
        "estree-walker": "^2.0.2",
        "source-map-js": "^1.2.1"
      }
    },
    "node_modules/@vue/compiler-dom": {
      "version": "3.5.14",
      "resolved": "https://registry.npmmirror.com/@vue/compiler-dom/-/compiler-dom-3.5.14.tgz",
      "integrity": "sha512-1aOCSqxGOea5I80U2hQJvXYpPm/aXo95xL/m/mMhgyPUsKe9jhjwWpziNAw7tYRnbz1I61rd9Mld4W9KmmRoug==",
      "dependencies": {
        "@vue/compiler-core": "3.5.14",
        "@vue/shared": "3.5.14"
      }
    },
    "node_modules/@vue/compiler-sfc": {
      "version": "3.5.14",
      "resolved": "https://registry.npmmirror.com/@vue/compiler-sfc/-/compiler-sfc-3.5.14.tgz",
      "integrity": "sha512-9T6m/9mMr81Lj58JpzsiSIjBgv2LiVoWjIVa7kuXHICUi8LiDSIotMpPRXYJsXKqyARrzjT24NAwttrMnMaCXA==",
      "dependencies": {
        "@babel/parser": "^7.27.2",
        "@vue/compiler-core": "3.5.14",
        "@vue/compiler-dom": "3.5.14",
        "@vue/compiler-ssr": "3.5.14",
        "@vue/shared": "3.5.14",
        "estree-walker": "^2.0.2",
        "magic-string": "^0.30.17",
        "postcss": "^8.5.3",
        "source-map-js": "^1.2.1"
      }
    },
    "node_modules/@vue/compiler-ssr": {
      "version": "3.5.14",
      "resolved": "https://registry.npmmirror.com/@vue/compiler-ssr/-/compiler-ssr-3.5.14.tgz",
      "integrity": "sha512-Y0G7PcBxr1yllnHuS/NxNCSPWnRGH4Ogrp0tsLA5QemDZuJLs99YjAKQ7KqkHE0vCg4QTKlQzXLKCMF7WPSl7Q==",
      "dependencies": {
        "@vue/compiler-dom": "3.5.14",
        "@vue/shared": "3.5.14"
      }
    },
    "node_modules/@vue/shared": {
      "version": "3.5.14",
      "resolved": "https://registry.npmmirror.com/@vue/shared/-/shared-3.5.14.tgz",
      "integrity": "sha512-oXTwNxVfc9EtP1zzXAlSlgARLXNC84frFYkS0HHz0h3E4WZSP9sywqjqzGCP9Y34M8ipNmd380pVgmMuwELDyQ=="
    },
    "node_modules/crypto-js": {
      "version": "4.2.0",
      "resolved": "https://registry.npmmirror.com/crypto-js/-/crypto-js-4.2.0.tgz",
      "integrity": "sha512-KALDyEYgpY+Rlob/iriUtjV6d5Eq+Y191A5g4UqLAi8CyGP9N1+FdVbkc1SxKc2r4YAYqG8JzO2KGL+AizD70Q=="
    },
    "node_modules/entities": {
      "version": "4.5.0",
      "resolved": "https://registry.npmmirror.com/entities/-/entities-4.5.0.tgz",
      "integrity": "sha512-V0hjH4dGPh9Ao5p0MoRY6BVqtwCjhz6vI5LT8AJ55H+4g9/4vbHx1I54fS0XuclLhDHArPQCiMjDxjaL8fPxhw==",
      "engines": {
        "node": ">=0.12"
      },
      "funding": {
        "url": "https://github.com/fb55/entities?sponsor=1"
      }
    },
    "node_modules/estree-walker": {
      "version": "2.0.2",
      "resolved": "https://registry.npmmirror.com/estree-walker/-/estree-walker-2.0.2.tgz",
      "integrity": "sha512-Rfkk/Mp/DL7JVje3u18FxFujQlTNR2q6QfMSMB7AvCBx91NGj/ba3kCfza0f6dVDbw7YlRf/nDrn7pQrCCyQ/w=="
    },
    "node_modules/magic-string": {
      "version": "0.30.17",
      "resolved": "https://registry.npmmirror.com/magic-string/-/magic-string-0.30.17.tgz",
      "integrity": "sha512-sNPKHvyjVf7gyjwS4xGTaW/mCnF8wnjtifKBEhxfZ7E/S8tQ0rssrwGNn6q8JH/ohItJfSQp9mBtQYuTlH5QnA==",
      "dependencies": {
        "@jridgewell/sourcemap-codec": "^1.5.0"
      }
    },
    "node_modules/nanoid": {
      "version": "3.3.11",
      "resolved": "https://registry.npmmirror.com/nanoid/-/nanoid-3.3.11.tgz",
      "integrity": "sha512-N8SpfPUnUp1bK+PMYW8qSWdl9U+wwNWI4QKxOYDy9JAro3WMX7p2OeVRF9v+347pnakNevPmiHhNmZ2HbFA76w==",
      "funding": [
        {
          "type": "github",
          "url": "https://github.com/sponsors/ai"
        }
      ],
      "bin": {
        "nanoid": "bin/nanoid.cjs"
      },
      "engines": {
        "node": "^10 || ^12 || ^13.7 || ^14 || >=15.0.1"
      }
    },
    "node_modules/picocolors": {
      "version": "1.1.1",
      "resolved": "https://registry.npmmirror.com/picocolors/-/picocolors-1.1.1.tgz",
      "integrity": "sha512-xceH2snhtb5M9liqDsmEw56le376mTZkEX/jEb/RxNFyegNul7eNslCXP9FDj/Lcu0X8KEyMceP2ntpaHrDEVA=="
    },
    "node_modules/postcss": {
      "version": "8.5.3",
      "resolved": "https://registry.npmmirror.com/postcss/-/postcss-8.5.3.tgz",
      "integrity": "sha512-dle9A3yYxlBSrt8Fu+IpjGT8SY8hN0mlaA6GY8t0P5PjIOZemULz/E2Bnm/2dcUOena75OTNkHI76uZBNUUq3A==",
      "funding": [
        {
          "type": "opencollective",
          "url": "https://opencollective.com/postcss/"
        },
        {
          "type": "tidelift",
          "url": "https://tidelift.com/funding/github/npm/postcss"
        },
        {
          "type": "github",
          "url": "https://github.com/sponsors/ai"
        }
      ],
      "dependencies": {
        "nanoid": "^3.3.8",
        "picocolors": "^1.1.1",
        "source-map-js": "^1.2.1"
      },
      "engines": {
        "node": "^10 || ^12 || >=14"
      }
    },
    "node_modules/source-map-js": {
      "version": "1.2.1",
      "resolved": "https://registry.npmmirror.com/source-map-js/-/source-map-js-1.2.1.tgz",
      "integrity": "sha512-UXWMKhLOwVKb728IUtQPXxfYU+usdybtUrK/8uGE8CQMvrhOpwvzDBwj0QhSL7MQc7vIsISBG8VQ8+IDQxpfQA==",
      "engines": {
        "node": ">=0.10.0"
      }
    }
  }
}
